
Microsoft Visual Studio Solution File, Format Version 11.00
# Visual Studio 2010
Project("{FAE04EC0-301F-11D3-BF4B-00C04F79EFBC}") = "Poly", "Poly.csproj", "{A96DCAEF-F18A-4EA4-9AEA-1596A8E1DACF}"
EndProject
Global
	GlobalSection(SolutionConfigurationPlatforms) = preSolution
		Debug|Any CPU = Debug|Any CPU
		Release|Any CPU = Release|Any CPU
	EndGlobalSection
	GlobalSection(ProjectConfigurationPlatforms) = postSolution
		{A96DCAEF-F18A-4EA4-9AEA-1596A8E1DACF}.Debug|Any CPU.ActiveCfg = Debug|Any CPU
		{A96DCAEF-F18A-4EA4-9AEA-1596A8E1DACF}.Debug|Any CPU.Build.0 = Debug|Any CPU
		{A96DCAEF-F18A-4EA4-9AEA-1596A8E1DACF}.Release|Any CPU.ActiveCfg = Release|Any CPU
		{A96DCAEF-F18A-4EA4-9AEA-1596A8E1DACF}.Release|Any CPU.Build.0 = Release|Any CPU
	EndGlobalSection
	GlobalSection(MonoDevelopProperties) = preSolution
		StartupItem = Poly.csproj
	EndGlobalSection
EndGlobal
