Microsoft Visual Studio Solution File, Format Version 12.00
# Visual Studio 15
VisualStudioVersion = 15.0.26228.12
MinimumVisualStudioVersion = 10.0.40219.1
Project("{9A19103F-16F7-4668-BE54-9A1E7A4F7556}") = "Core", "Core\Core.csproj", "{4D98970F-2066-4AAB-B1B0-A99BFA8B1364}"
EndProject
Project("{9A19103F-16F7-4668-BE54-9A1E7A4F7556}") = "HttpServer", "HttpServer\HttpServer.csproj", "{001BD0D8-D9D7-4C0B-BE32-B82CB51750F2}"
EndProject
Project("{9A19103F-16F7-4668-BE54-9A1E7A4F7556}") = "Testing", "Testing\Testing.csproj", "{640284DA-3954-4B79-95A3-F69909D1689B}"
EndProject
Project("{9A19103F-16F7-4668-BE54-9A1E7A4F7556}") = "IrcBot", "IrcBot\IrcBot.csproj", "{ABE9B2E8-C4A8-4425-92F7-A092613E61AE}"
EndProject
Global
	GlobalSection(SolutionConfigurationPlatforms) = preSolution
		Debug|Any CPU = Debug|Any CPU
		Release|Any CPU = Release|Any CPU
	EndGlobalSection
	GlobalSection(ProjectConfigurationPlatforms) = postSolution
		{4D98970F-2066-4AAB-B1B0-A99BFA8B1364}.Debug|Any CPU.ActiveCfg = Debug|Any CPU
		{4D98970F-2066-4AAB-B1B0-A99BFA8B1364}.Debug|Any CPU.Build.0 = Debug|Any CPU
		{4D98970F-2066-4AAB-B1B0-A99BFA8B1364}.Release|Any CPU.ActiveCfg = Release|Any CPU
		{4D98970F-2066-4AAB-B1B0-A99BFA8B1364}.Release|Any CPU.Build.0 = Release|Any CPU
		{001BD0D8-D9D7-4C0B-BE32-B82CB51750F2}.Debug|Any CPU.ActiveCfg = Debug|Any CPU
		{001BD0D8-D9D7-4C0B-BE32-B82CB51750F2}.Debug|Any CPU.Build.0 = Debug|Any CPU
		{001BD0D8-D9D7-4C0B-BE32-B82CB51750F2}.Release|Any CPU.ActiveCfg = Release|Any CPU
		{001BD0D8-D9D7-4C0B-BE32-B82CB51750F2}.Release|Any CPU.Build.0 = Release|Any CPU
		{640284DA-3954-4B79-95A3-F69909D1689B}.Debug|Any CPU.ActiveCfg = Debug|Any CPU
		{640284DA-3954-4B79-95A3-F69909D1689B}.Debug|Any CPU.Build.0 = Debug|Any CPU
		{640284DA-3954-4B79-95A3-F69909D1689B}.Release|Any CPU.ActiveCfg = Release|Any CPU
		{640284DA-3954-4B79-95A3-F69909D1689B}.Release|Any CPU.Build.0 = Release|Any CPU
		{ABE9B2E8-C4A8-4425-92F7-A092613E61AE}.Debug|Any CPU.ActiveCfg = Debug|Any CPU
		{ABE9B2E8-C4A8-4425-92F7-A092613E61AE}.Debug|Any CPU.Build.0 = Debug|Any CPU
		{ABE9B2E8-C4A8-4425-92F7-A092613E61AE}.Release|Any CPU.ActiveCfg = Release|Any CPU
		{ABE9B2E8-C4A8-4425-92F7-A092613E61AE}.Release|Any CPU.Build.0 = Release|Any CPU
	EndGlobalSection
	GlobalSection(SolutionProperties) = preSolution
		HideSolutionNode = FALSE
	EndGlobalSection
	GlobalSection(MonoDevelopProperties) = preSolution
		Policies = $0
		$0.VersionControlPolicy = $1
		$1.inheritsSet = Mono
		$1.CommitMessageStyle = $2
		$2.LastFilePostfix = "@:\n  "
		$2.IncludeDirectoryPaths = True
		$2.Wrap = False
		$0.DotNetNamingPolicy = $3
		$3.DirectoryNamespaceAssociation = PrefixedHierarchical
		$3.ResourceNamePolicy = FileFormatDefault
		$0.TextStylePolicy = $4
		$4.inheritsSet = null
		$4.scope = text/x-csharp
		$0.CSharpFormattingPolicy = $5
		$5.IndentSwitchSection = True
		$5.NewLinesForBracesInTypes = False
		$5.NewLinesForBracesInMethods = False
		$5.NewLineForElse = True
		$5.NewLineForCatch = True
		$5.NewLineForFinally = True
		$5.NewLineForMembersInObjectInit = True
		$5.NewLineForMembersInAnonymousTypes = True
		$5.NewLineForClausesInQuery = True
		$5.SpacingAfterMethodDeclarationName = False
		$5.SpaceAfterMethodCallName = False
		$5.SpaceBeforeOpenSquareBracket = False
		$5.inheritsSet = Mono
		$5.inheritsScope = text/x-csharp
		$5.scope = text/x-csharp
	EndGlobalSection
EndGlobal
